// !$*UTF8*$!
{
	archiveVersion = 1;
	classes = {
	};
	objectVersion = 56;
	objects = {

/* Begin PBXBuildFile section */
		121F2CE02A4679120045EEBB /* Poppins-Bold.ttf in Resources */ = {isa = PBXBuildFile; fileRef = 121F2CDF2A4679120045EEBB /* Poppins-Bold.ttf */; };
		121F2CE22A467B790045EEBB /* HomeBanner.swift in Sources */ = {isa = PBXBuildFile; fileRef = 121F2CE12A467B790045EEBB /* HomeBanner.swift */; };
		12723AB42A46C9E00003EEF2 /* HomeCategories.swift in Sources */ = {isa = PBXBuildFile; fileRef = 12723AB32A46C9E00003EEF2 /* HomeCategories.swift */; };
		12723AB62A46CAD60003EEF2 /* HomeContext.swift in Sources */ = {isa = PBXBuildFile; fileRef = 12723AB52A46CAD60003EEF2 /* HomeContext.swift */; };
		12723AB92A46CCE00003EEF2 /* Category.swift in Sources */ = {isa = PBXBuildFile; fileRef = 12723AB82A46CCE00003EEF2 /* Category.swift */; };
		12723ABB2A46D1770003EEF2 /* HomeRecomendations.swift in Sources */ = {isa = PBXBuildFile; fileRef = 12723ABA2A46D1760003EEF2 /* HomeRecomendations.swift */; };
		12723ABE2A46D2C10003EEF2 /* SessionView.swift in Sources */ = {isa = PBXBuildFile; fileRef = 12723ABD2A46D2C10003EEF2 /* SessionView.swift */; };
		12AC09AB2A44912700E7BC00 /* Welcome.swift in Sources */ = {isa = PBXBuildFile; fileRef = 12AC09AA2A44912700E7BC00 /* Welcome.swift */; };
		12AC09DA2A44955C00E7BC00 /* Poppins-SemiBold.ttf in Resources */ = {isa = PBXBuildFile; fileRef = 12AC09D92A44955C00E7BC00 /* Poppins-SemiBold.ttf */; };
		12AC09E12A4498EC00E7BC00 /* Sacramento-Regular.ttf in Resources */ = {isa = PBXBuildFile; fileRef = 12AC09DF2A4498D500E7BC00 /* Sacramento-Regular.ttf */; };
		12EAD1CD2A3B285D0072BA2D /* KoenApp.swift in Sources */ = {isa = PBXBuildFile; fileRef = 12EAD1CC2A3B285D0072BA2D /* KoenApp.swift */; };
		12EAD1CF2A3B285D0072BA2D /* Persistence.swift in Sources */ = {isa = PBXBuildFile; fileRef = 12EAD1CE2A3B285D0072BA2D /* Persistence.swift */; };
		12EAD1D22A3B285D0072BA2D /* Koen.xcdatamodeld in Sources */ = {isa = PBXBuildFile; fileRef = 12EAD1D02A3B285D0072BA2D /* Koen.xcdatamodeld */; };
		12EAD1D42A3B285D0072BA2D /* ContentView.swift in Sources */ = {isa = PBXBuildFile; fileRef = 12EAD1D32A3B285D0072BA2D /* ContentView.swift */; };
		12EAD1D62A3B285E0072BA2D /* Assets.xcassets in Resources */ = {isa = PBXBuildFile; fileRef = 12EAD1D52A3B285E0072BA2D /* Assets.xcassets */; };
		12EAD1DA2A3B285E0072BA2D /* Preview Assets.xcassets in Resources */ = {isa = PBXBuildFile; fileRef = 12EAD1D92A3B285E0072BA2D /* Preview Assets.xcassets */; };
		12FB807D2A449C1300ECF4C0 /* Poppins.swift in Sources */ = {isa = PBXBuildFile; fileRef = 12FB807C2A449C1300ECF4C0 /* Poppins.swift */; };
		12FB807F2A449E1D00ECF4C0 /* Poppins-Regular.ttf in Resources */ = {isa = PBXBuildFile; fileRef = 12FB807E2A449E1D00ECF4C0 /* Poppins-Regular.ttf */; };
		12FB80842A44A70C00ECF4C0 /* Poppins-Medium.ttf in Resources */ = {isa = PBXBuildFile; fileRef = 12FB80832A44A70C00ECF4C0 /* Poppins-Medium.ttf */; };
		12FB80862A44B15F00ECF4C0 /* Home.swift in Sources */ = {isa = PBXBuildFile; fileRef = 12FB80852A44B15F00ECF4C0 /* Home.swift */; };
		12FB80922A45389400ECF4C0 /* HomeNavigation.swift in Sources */ = {isa = PBXBuildFile; fileRef = 12FB80912A45389400ECF4C0 /* HomeNavigation.swift */; };
/* End PBXBuildFile section */

/* Begin PBXFileReference section */
		121F2CDF2A4679120045EEBB /* Poppins-Bold.ttf */ = {isa = PBXFileReference; lastKnownFileType = file; path = "Poppins-Bold.ttf"; sourceTree = "<group>"; };
		121F2CE12A467B790045EEBB /* HomeBanner.swift */ = {isa = PBXFileReference; lastKnownFileType = sourcecode.swift; path = HomeBanner.swift; sourceTree = "<group>"; };
		12723AB32A46C9E00003EEF2 /* HomeCategories.swift */ = {isa = PBXFileReference; lastKnownFileType = sourcecode.swift; path = HomeCategories.swift; sourceTree = "<group>"; };
		12723AB52A46CAD60003EEF2 /* HomeContext.swift */ = {isa = PBXFileReference; lastKnownFileType = sourcecode.swift; path = HomeContext.swift; sourceTree = "<group>"; };
		12723AB82A46CCE00003EEF2 /* Category.swift */ = {isa = PBXFileReference; lastKnownFileType = sourcecode.swift; path = Category.swift; sourceTree = "<group>"; };
		12723ABA2A46D1760003EEF2 /* HomeRecomendations.swift */ = {isa = PBXFileReference; lastKnownFileType = sourcecode.swift; path = HomeRecomendations.swift; sourceTree = "<group>"; };
		12723ABD2A46D2C10003EEF2 /* SessionView.swift */ = {isa = PBXFileReference; lastKnownFileType = sourcecode.swift; path = SessionView.swift; sourceTree = "<group>"; };
		12AC09AA2A44912700E7BC00 /* Welcome.swift */ = {isa = PBXFileReference; lastKnownFileType = sourcecode.swift; path = Welcome.swift; sourceTree = "<group>"; };
		12AC09D92A44955C00E7BC00 /* Poppins-SemiBold.ttf */ = {isa = PBXFileReference; lastKnownFileType = file; path = "Poppins-SemiBold.ttf"; sourceTree = "<group>"; };
		12AC09DF2A4498D500E7BC00 /* Sacramento-Regular.ttf */ = {isa = PBXFileReference; lastKnownFileType = file; path = "Sacramento-Regular.ttf"; sourceTree = "<group>"; };
		12EAD1C92A3B285D0072BA2D /* Koen.app */ = {isa = PBXFileReference; explicitFileType = wrapper.application; includeInIndex = 0; path = Koen.app; sourceTree = BUILT_PRODUCTS_DIR; };
		12EAD1CC2A3B285D0072BA2D /* KoenApp.swift */ = {isa = PBXFileReference; lastKnownFileType = sourcecode.swift; path = KoenApp.swift; sourceTree = "<group>"; };
		12EAD1CE2A3B285D0072BA2D /* Persistence.swift */ = {isa = PBXFileReference; lastKnownFileType = sourcecode.swift; path = Persistence.swift; sourceTree = "<group>"; };
		12EAD1D12A3B285D0072BA2D /* Koen.xcdatamodel */ = {isa = PBXFileReference; lastKnownFileType = wrapper.xcdatamodel; path = Koen.xcdatamodel; sourceTree = "<group>"; };
		12EAD1D32A3B285D0072BA2D /* ContentView.swift */ = {isa = PBXFileReference; lastKnownFileType = sourcecode.swift; path = ContentView.swift; sourceTree = "<group>"; };
		12EAD1D52A3B285E0072BA2D /* Assets.xcassets */ = {isa = PBXFileReference; lastKnownFileType = folder.assetcatalog; path = Assets.xcassets; sourceTree = "<group>"; };
		12EAD1D72A3B285E0072BA2D /* Koen.entitlements */ = {isa = PBXFileReference; lastKnownFileType = text.plist.entitlements; path = Koen.entitlements; sourceTree = "<group>"; };
		12EAD1D92A3B285E0072BA2D /* Preview Assets.xcassets */ = {isa = PBXFileReference; lastKnownFileType = folder.assetcatalog; path = "Preview Assets.xcassets"; sourceTree = "<group>"; };
		12FB807C2A449C1300ECF4C0 /* Poppins.swift */ = {isa = PBXFileReference; lastKnownFileType = sourcecode.swift; path = Poppins.swift; sourceTree = "<group>"; };
		12FB807E2A449E1D00ECF4C0 /* Poppins-Regular.ttf */ = {isa = PBXFileReference; lastKnownFileType = file; path = "Poppins-Regular.ttf"; sourceTree = "<group>"; };
		12FB80832A44A70C00ECF4C0 /* Poppins-Medium.ttf */ = {isa = PBXFileReference; lastKnownFileType = file; path = "Poppins-Medium.ttf"; sourceTree = "<group>"; };
		12FB80852A44B15F00ECF4C0 /* Home.swift */ = {isa = PBXFileReference; lastKnownFileType = sourcecode.swift; path = Home.swift; sourceTree = "<group>"; };
		12FB80912A45389400ECF4C0 /* HomeNavigation.swift */ = {isa = PBXFileReference; lastKnownFileType = sourcecode.swift; path = HomeNavigation.swift; sourceTree = "<group>"; };
/* End PBXFileReference section */

/* Begin PBXFrameworksBuildPhase section */
		12EAD1C62A3B285D0072BA2D /* Frameworks */ = {
			isa = PBXFrameworksBuildPhase;
			buildActionMask = 2147483647;
			files = (
			);
			runOnlyForDeploymentPostprocessing = 0;
		};
/* End PBXFrameworksBuildPhase section */

/* Begin PBXGroup section */
		12723AB72A46CCA70003EEF2 /* models */ = {
			isa = PBXGroup;
			children = (
				12723AB82A46CCE00003EEF2 /* Category.swift */,
			);
			path = models;
			sourceTree = "<group>";
		};
		12723ABC2A46D2A20003EEF2 /* shared */ = {
			isa = PBXGroup;
			children = (
				12723ABD2A46D2C10003EEF2 /* SessionView.swift */,
			);
			path = shared;
			sourceTree = "<group>";
		};
		12AC09A42A448EB800E7BC00 /* pages */ = {
			isa = PBXGroup;
			children = (
				12AC09AA2A44912700E7BC00 /* Welcome.swift */,
				12FB80852A44B15F00ECF4C0 /* Home.swift */,
			);
			path = pages;
			sourceTree = "<group>";
		};
		12AC09A52A448EC500E7BC00 /* components */ = {
			isa = PBXGroup;
			children = (
				12723ABC2A46D2A20003EEF2 /* shared */,
				12FB80902A45388600ECF4C0 /* home */,
			);
			path = components;
			sourceTree = "<group>";
		};
		12AC09A62A448EE400E7BC00 /* contexts */ = {
			isa = PBXGroup;
			children = (
				12723AB52A46CAD60003EEF2 /* HomeContext.swift */,
			);
			path = contexts;
			sourceTree = "<group>";
		};
		12AC09AD2A44935200E7BC00 /* fonts */ = {
			isa = PBXGroup;
			children = (
				12AC09DE2A4498C400E7BC00 /* Sacramento */,
				12AC09D82A44954200E7BC00 /* Poppins */,
			);
			path = fonts;
			sourceTree = "<group>";
		};
		12AC09D82A44954200E7BC00 /* Poppins */ = {
			isa = PBXGroup;
			children = (
				121F2CDF2A4679120045EEBB /* Poppins-Bold.ttf */,
				12FB80832A44A70C00ECF4C0 /* Poppins-Medium.ttf */,
				12FB807E2A449E1D00ECF4C0 /* Poppins-Regular.ttf */,
				12AC09D92A44955C00E7BC00 /* Poppins-SemiBold.ttf */,
			);
			path = Poppins;
			sourceTree = "<group>";
		};
		12AC09DE2A4498C400E7BC00 /* Sacramento */ = {
			isa = PBXGroup;
			children = (
				12AC09DF2A4498D500E7BC00 /* Sacramento-Regular.ttf */,
			);
			path = Sacramento;
			sourceTree = "<group>";
		};
		12EAD1C02A3B285D0072BA2D = {
			isa = PBXGroup;
			children = (
				12EAD1CB2A3B285D0072BA2D /* Koen */,
				12EAD1CA2A3B285D0072BA2D /* Products */,
			);
			sourceTree = "<group>";
		};
		12EAD1CA2A3B285D0072BA2D /* Products */ = {
			isa = PBXGroup;
			children = (
				12EAD1C92A3B285D0072BA2D /* Koen.app */,
			);
			name = Products;
			sourceTree = "<group>";
		};
		12EAD1CB2A3B285D0072BA2D /* Koen */ = {
			isa = PBXGroup;
			children = (
				12FB807B2A449BEF00ECF4C0 /* constants */,
				12AC09AD2A44935200E7BC00 /* fonts */,
				12AC09A52A448EC500E7BC00 /* components */,
				12AC09A62A448EE400E7BC00 /* contexts */,
				12723AB72A46CCA70003EEF2 /* models */,
				12AC09A42A448EB800E7BC00 /* pages */,
				12EAD1CC2A3B285D0072BA2D /* KoenApp.swift */,
				12EAD1CE2A3B285D0072BA2D /* Persistence.swift */,
				12EAD1D32A3B285D0072BA2D /* ContentView.swift */,
				12EAD1D52A3B285E0072BA2D /* Assets.xcassets */,
				12EAD1D72A3B285E0072BA2D /* Koen.entitlements */,
				12EAD1D02A3B285D0072BA2D /* Koen.xcdatamodeld */,
				12EAD1D82A3B285E0072BA2D /* Preview Content */,
			);
			path = Koen;
			sourceTree = "<group>";
		};
		12EAD1D82A3B285E0072BA2D /* Preview Content */ = {
			isa = PBXGroup;
			children = (
				12EAD1D92A3B285E0072BA2D /* Preview Assets.xcassets */,
			);
			path = "Preview Content";
			sourceTree = "<group>";
		};
		12FB807B2A449BEF00ECF4C0 /* constants */ = {
			isa = PBXGroup;
			children = (
				12FB807C2A449C1300ECF4C0 /* Poppins.swift */,
			);
			path = constants;
			sourceTree = "<group>";
		};
		12FB80902A45388600ECF4C0 /* home */ = {
			isa = PBXGroup;
			children = (
				12FB80912A45389400ECF4C0 /* HomeNavigation.swift */,
				121F2CE12A467B790045EEBB /* HomeBanner.swift */,
				12723AB32A46C9E00003EEF2 /* HomeCategories.swift */,
				12723ABA2A46D1760003EEF2 /* HomeRecomendations.swift */,
			);
			path = home;
			sourceTree = "<group>";
		};
/* End PBXGroup section */

/* Begin PBXNativeTarget section */
		12EAD1C82A3B285D0072BA2D /* Koen */ = {
			isa = PBXNativeTarget;
			buildConfigurationList = 12EAD1DD2A3B285E0072BA2D /* Build configuration list for PBXNativeTarget "Koen" */;
			buildPhases = (
				12EAD1C52A3B285D0072BA2D /* Sources */,
				12EAD1C62A3B285D0072BA2D /* Frameworks */,
				12EAD1C72A3B285D0072BA2D /* Resources */,
			);
			buildRules = (
			);
			dependencies = (
			);
			name = Koen;
			productName = Koen;
			productReference = 12EAD1C92A3B285D0072BA2D /* Koen.app */;
			productType = "com.apple.product-type.application";
		};
/* End PBXNativeTarget section */

/* Begin PBXProject section */
		12EAD1C12A3B285D0072BA2D /* Project object */ = {
			isa = PBXProject;
			attributes = {
				BuildIndependentTargetsInParallel = 1;
				LastSwiftUpdateCheck = 1430;
				LastUpgradeCheck = 1430;
				TargetAttributes = {
					12EAD1C82A3B285D0072BA2D = {
						CreatedOnToolsVersion = 14.3.1;
					};
				};
			};
			buildConfigurationList = 12EAD1C42A3B285D0072BA2D /* Build configuration list for PBXProject "Koen" */;
			compatibilityVersion = "Xcode 14.0";
			developmentRegion = en;
			hasScannedForEncodings = 0;
			knownRegions = (
				en,
				Base,
			);
			mainGroup = 12EAD1C02A3B285D0072BA2D;
			productRefGroup = 12EAD1CA2A3B285D0072BA2D /* Products */;
			projectDirPath = "";
			projectRoot = "";
			targets = (
				12EAD1C82A3B285D0072BA2D /* Koen */,
			);
		};
/* End PBXProject section */

/* Begin PBXResourcesBuildPhase section */
		12EAD1C72A3B285D0072BA2D /* Resources */ = {
			isa = PBXResourcesBuildPhase;
			buildActionMask = 2147483647;
			files = (
				12AC09DA2A44955C00E7BC00 /* Poppins-SemiBold.ttf in Resources */,
				12EAD1DA2A3B285E0072BA2D /* Preview Assets.xcassets in Resources */,
				121F2CE02A4679120045EEBB /* Poppins-Bold.ttf in Resources */,
				12AC09E12A4498EC00E7BC00 /* Sacramento-Regular.ttf in Resources */,
				12FB80842A44A70C00ECF4C0 /* Poppins-Medium.ttf in Resources */,
				12EAD1D62A3B285E0072BA2D /* Assets.xcassets in Resources */,
				12FB807F2A449E1D00ECF4C0 /* Poppins-Regular.ttf in Resources */,
			);
			runOnlyForDeploymentPostprocessing = 0;
		};
/* End PBXResourcesBuildPhase section */

/* Begin PBXSourcesBuildPhase section */
		12EAD1C52A3B285D0072BA2D /* Sources */ = {
			isa = PBXSourcesBuildPhase;
			buildActionMask = 2147483647;
			files = (
				12EAD1CD2A3B285D0072BA2D /* KoenApp.swift in Sources */,
				12723AB62A46CAD60003EEF2 /* HomeContext.swift in Sources */,
				12723ABB2A46D1770003EEF2 /* HomeRecomendations.swift in Sources */,
				12AC09AB2A44912700E7BC00 /* Welcome.swift in Sources */,
				12EAD1CF2A3B285D0072BA2D /* Persistence.swift in Sources */,
				12FB80922A45389400ECF4C0 /* HomeNavigation.swift in Sources */,
				121F2CE22A467B790045EEBB /* HomeBanner.swift in Sources */,
				12723ABE2A46D2C10003EEF2 /* SessionView.swift in Sources */,
				12FB807D2A449C1300ECF4C0 /* Poppins.swift in Sources */,
				12723AB42A46C9E00003EEF2 /* HomeCategories.swift in Sources */,
				12EAD1D42A3B285D0072BA2D /* ContentView.swift in Sources */,
				12EAD1D22A3B285D0072BA2D /* Koen.xcdatamodeld in Sources */,
				12FB80862A44B15F00ECF4C0 /* Home.swift in Sources */,
				12723AB92A46CCE00003EEF2 /* Category.swift in Sources */,
			);
			runOnlyForDeploymentPostprocessing = 0;
		};
/* End PBXSourcesBuildPhase section */

/* Begin XCBuildConfiguration section */
		12EAD1DB2A3B285E0072BA2D /* Debug */ = {
			isa = XCBuildConfiguration;
			buildSettings = {
				ALWAYS_SEARCH_USER_PATHS = NO;
				CLANG_ANALYZER_NONNULL = YES;
				CLANG_ANALYZER_NUMBER_OBJECT_CONVERSION = YES_AGGRESSIVE;
				CLANG_CXX_LANGUAGE_STANDARD = "gnu++20";
				CLANG_ENABLE_MODULES = YES;
				CLANG_ENABLE_OBJC_ARC = YES;
				CLANG_ENABLE_OBJC_WEAK = YES;
				CLANG_WARN_BLOCK_CAPTURE_AUTORELEASING = YES;
				CLANG_WARN_BOOL_CONVERSION = YES;
				CLANG_WARN_COMMA = YES;
				CLANG_WARN_CONSTANT_CONVERSION = YES;
				CLANG_WARN_DEPRECATED_OBJC_IMPLEMENTATIONS = YES;
				CLANG_WARN_DIRECT_OBJC_ISA_USAGE = YES_ERROR;
				CLANG_WARN_DOCUMENTATION_COMMENTS = YES;
				CLANG_WARN_EMPTY_BODY = YES;
				CLANG_WARN_ENUM_CONVERSION = YES;
				CLANG_WARN_INFINITE_RECURSION = YES;
				CLANG_WARN_INT_CONVERSION = YES;
				CLANG_WARN_NON_LITERAL_NULL_CONVERSION = YES;
				CLANG_WARN_OBJC_IMPLICIT_RETAIN_SELF = YES;
				CLANG_WARN_OBJC_LITERAL_CONVERSION = YES;
				CLANG_WARN_OBJC_ROOT_CLASS = YES_ERROR;
				CLANG_WARN_QUOTED_INCLUDE_IN_FRAMEWORK_HEADER = YES;
				CLANG_WARN_RANGE_LOOP_ANALYSIS = YES;
				CLANG_WARN_STRICT_PROTOTYPES = YES;
				CLANG_WARN_SUSPICIOUS_MOVE = YES;
				CLANG_WARN_UNGUARDED_AVAILABILITY = YES_AGGRESSIVE;
				CLANG_WARN_UNREACHABLE_CODE = YES;
				CLANG_WARN__DUPLICATE_METHOD_MATCH = YES;
				COPY_PHASE_STRIP = NO;
				DEBUG_INFORMATION_FORMAT = dwarf;
				ENABLE_STRICT_OBJC_MSGSEND = YES;
				ENABLE_TESTABILITY = YES;
				GCC_C_LANGUAGE_STANDARD = gnu11;
				GCC_DYNAMIC_NO_PIC = NO;
				GCC_NO_COMMON_BLOCKS = YES;
				GCC_OPTIMIZATION_LEVEL = 0;
				GCC_PREPROCESSOR_DEFINITIONS = (
					"DEBUG=1",
					"$(inherited)",
				);
				GCC_WARN_64_TO_32_BIT_CONVERSION = YES;
				GCC_WARN_ABOUT_RETURN_TYPE = YES_ERROR;
				GCC_WARN_UNDECLARED_SELECTOR = YES;
				GCC_WARN_UNINITIALIZED_AUTOS = YES_AGGRESSIVE;
				GCC_WARN_UNUSED_FUNCTION = YES;
				GCC_WARN_UNUSED_VARIABLE = YES;
				MTL_ENABLE_DEBUG_INFO = INCLUDE_SOURCE;
				MTL_FAST_MATH = YES;
				ONLY_ACTIVE_ARCH = YES;
				SWIFT_ACTIVE_COMPILATION_CONDITIONS = DEBUG;
				SWIFT_OPTIMIZATION_LEVEL = "-Onone";
			};
			name = Debug;
		};
		12EAD1DC2A3B285E0072BA2D /* Release */ = {
			isa = XCBuildConfiguration;
			buildSettings = {
				ALWAYS_SEARCH_USER_PATHS = NO;
				CLANG_ANALYZER_NONNULL = YES;
				CLANG_ANALYZER_NUMBER_OBJECT_CONVERSION = YES_AGGRESSIVE;
				CLANG_CXX_LANGUAGE_STANDARD = "gnu++20";
				CLANG_ENABLE_MODULES = YES;
				CLANG_ENABLE_OBJC_ARC = YES;
				CLANG_ENABLE_OBJC_WEAK = YES;
				CLANG_WARN_BLOCK_CAPTURE_AUTORELEASING = YES;
				CLANG_WARN_BOOL_CONVERSION = YES;
				CLANG_WARN_COMMA = YES;
				CLANG_WARN_CONSTANT_CONVERSION = YES;
				CLANG_WARN_DEPRECATED_OBJC_IMPLEMENTATIONS = YES;
				CLANG_WARN_DIRECT_OBJC_ISA_USAGE = YES_ERROR;
				CLANG_WARN_DOCUMENTATION_COMMENTS = YES;
				CLANG_WARN_EMPTY_BODY = YES;
				CLANG_WARN_ENUM_CONVERSION = YES;
				CLANG_WARN_INFINITE_RECURSION = YES;
				CLANG_WARN_INT_CONVERSION = YES;
				CLANG_WARN_NON_LITERAL_NULL_CONVERSION = YES;
				CLANG_WARN_OBJC_IMPLICIT_RETAIN_SELF = YES;
				CLANG_WARN_OBJC_LITERAL_CONVERSION = YES;
				CLANG_WARN_OBJC_ROOT_CLASS = YES_ERROR;
				CLANG_WARN_QUOTED_INCLUDE_IN_FRAMEWORK_HEADER = YES;
				CLANG_WARN_RANGE_LOOP_ANALYSIS = YES;
				CLANG_WARN_STRICT_PROTOTYPES = YES;
				CLANG_WARN_SUSPICIOUS_MOVE = YES;
				CLANG_WARN_UNGUARDED_AVAILABILITY = YES_AGGRESSIVE;
				CLANG_WARN_UNREACHABLE_CODE = YES;
				CLANG_WARN__DUPLICATE_METHOD_MATCH = YES;
				COPY_PHASE_STRIP = NO;
				DEBUG_INFORMATION_FORMAT = "dwarf-with-dsym";
				ENABLE_NS_ASSERTIONS = NO;
				ENABLE_STRICT_OBJC_MSGSEND = YES;
				GCC_C_LANGUAGE_STANDARD = gnu11;
				GCC_NO_COMMON_BLOCKS = YES;
				GCC_WARN_64_TO_32_BIT_CONVERSION = YES;
				GCC_WARN_ABOUT_RETURN_TYPE = YES_ERROR;
				GCC_WARN_UNDECLARED_SELECTOR = YES;
				GCC_WARN_UNINITIALIZED_AUTOS = YES_AGGRESSIVE;
				GCC_WARN_UNUSED_FUNCTION = YES;
				GCC_WARN_UNUSED_VARIABLE = YES;
				MTL_ENABLE_DEBUG_INFO = NO;
				MTL_FAST_MATH = YES;
				SWIFT_COMPILATION_MODE = wholemodule;
				SWIFT_OPTIMIZATION_LEVEL = "-O";
			};
			name = Release;
		};
		12EAD1DE2A3B285E0072BA2D /* Debug */ = {
			isa = XCBuildConfiguration;
			buildSettings = {
				ASSETCATALOG_COMPILER_APPICON_NAME = AppIcon;
				ASSETCATALOG_COMPILER_GLOBAL_ACCENT_COLOR_NAME = AccentColor;
				CODE_SIGN_ENTITLEMENTS = Koen/Koen.entitlements;
				CODE_SIGN_STYLE = Automatic;
				CURRENT_PROJECT_VERSION = 1;
				DEVELOPMENT_ASSET_PATHS = "\"Koen/Preview Content\"";
				DEVELOPMENT_TEAM = J3NKJ48LMS;
				ENABLE_HARDENED_RUNTIME = YES;
				ENABLE_PREVIEWS = YES;
				GENERATE_INFOPLIST_FILE = YES;
				INFOPLIST_FILE = Koen/Info.plist;
				"INFOPLIST_KEY_UIApplicationSceneManifest_Generation[sdk=iphoneos*]" = YES;
				"INFOPLIST_KEY_UIApplicationSceneManifest_Generation[sdk=iphonesimulator*]" = YES;
				"INFOPLIST_KEY_UIApplicationSupportsIndirectInputEvents[sdk=iphoneos*]" = YES;
				"INFOPLIST_KEY_UIApplicationSupportsIndirectInputEvents[sdk=iphonesimulator*]" = YES;
				"INFOPLIST_KEY_UILaunchScreen_Generation[sdk=iphoneos*]" = YES;
				"INFOPLIST_KEY_UILaunchScreen_Generation[sdk=iphonesimulator*]" = YES;
				"INFOPLIST_KEY_UIStatusBarStyle[sdk=iphoneos*]" = UIStatusBarStyleDefault;
				"INFOPLIST_KEY_UIStatusBarStyle[sdk=iphonesimulator*]" = UIStatusBarStyleDefault;
				INFOPLIST_KEY_UISupportedInterfaceOrientations_iPad = "UIInterfaceOrientationPortrait UIInterfaceOrientationPortraitUpsideDown UIInterfaceOrientationLandscapeLeft UIInterfaceOrientationLandscapeRight";
				INFOPLIST_KEY_UISupportedInterfaceOrientations_iPhone = "UIInterfaceOrientationPortrait UIInterfaceOrientationLandscapeLeft UIInterfaceOrientationLandscapeRight";
				IPHONEOS_DEPLOYMENT_TARGET = 16.4;
				LD_RUNPATH_SEARCH_PATHS = "@executable_path/Frameworks";
				"LD_RUNPATH_SEARCH_PATHS[sdk=macosx*]" = "@executable_path/../Frameworks";
				MACOSX_DEPLOYMENT_TARGET = 13.3;
				MARKETING_VERSION = 1.0;
				PRODUCT_BUNDLE_IDENTIFIER = dev.guen.koen;
				PRODUCT_NAME = "$(TARGET_NAME)";
				SDKROOT = auto;
				SUPPORTED_PLATFORMS = "iphoneos iphonesimulator macosx";
				SWIFT_EMIT_LOC_STRINGS = YES;
				SWIFT_VERSION = 5.0;
				TARGETED_DEVICE_FAMILY = "1,2";
			};
			name = Debug;
		};
		12EAD1DF2A3B285E0072BA2D /* Release */ = {
			isa = XCBuildConfiguration;
			buildSettings = {
				ASSETCATALOG_COMPILER_APPICON_NAME = AppIcon;
				ASSETCATALOG_COMPILER_GLOBAL_ACCENT_COLOR_NAME = AccentColor;
				CODE_SIGN_ENTITLEMENTS = Koen/Koen.entitlements;
				CODE_SIGN_STYLE = Automatic;
				CURRENT_PROJECT_VERSION = 1;
				DEVELOPMENT_ASSET_PATHS = "\"Koen/Preview Content\"";
				DEVELOPMENT_TEAM = J3NKJ48LMS;
				ENABLE_HARDENED_RUNTIME = YES;
				ENABLE_PREVIEWS = YES;
				GENERATE_INFOPLIST_FILE = YES;
				INFOPLIST_FILE = Koen/Info.plist;
				"INFOPLIST_KEY_UIApplicationSceneManifest_Generation[sdk=iphoneos*]" = YES;
				"INFOPLIST_KEY_UIApplicationSceneManifest_Generation[sdk=iphonesimulator*]" = YES;
				"INFOPLIST_KEY_UIApplicationSupportsIndirectInputEvents[sdk=iphoneos*]" = YES;
				"INFOPLIST_KEY_UIApplicationSupportsIndirectInputEvents[sdk=iphonesimulator*]" = YES;
				"INFOPLIST_KEY_UILaunchScreen_Generation[sdk=iphoneos*]" = YES;
				"INFOPLIST_KEY_UILaunchScreen_Generation[sdk=iphonesimulator*]" = YES;
				"INFOPLIST_KEY_UIStatusBarStyle[sdk=iphoneos*]" = UIStatusBarStyleDefault;
				"INFOPLIST_KEY_UIStatusBarStyle[sdk=iphonesimulator*]" = UIStatusBarStyleDefault;
				INFOPLIST_KEY_UISupportedInterfaceOrientations_iPad = "UIInterfaceOrientationPortrait UIInterfaceOrientationPortraitUpsideDown UIInterfaceOrientationLandscapeLeft UIInterfaceOrientationLandscapeRight";
				INFOPLIST_KEY_UISupportedInterfaceOrientations_iPhone = "UIInterfaceOrientationPortrait UIInterfaceOrientationLandscapeLeft UIInterfaceOrientationLandscapeRight";
				IPHONEOS_DEPLOYMENT_TARGET = 16.4;
				LD_RUNPATH_SEARCH_PATHS = "@executable_path/Frameworks";
				"LD_RUNPATH_SEARCH_PATHS[sdk=macosx*]" = "@executable_path/../Frameworks";
				MACOSX_DEPLOYMENT_TARGET = 13.3;
				MARKETING_VERSION = 1.0;
				PRODUCT_BUNDLE_IDENTIFIER = dev.guen.koen;
				PRODUCT_NAME = "$(TARGET_NAME)";
				SDKROOT = auto;
				SUPPORTED_PLATFORMS = "iphoneos iphonesimulator macosx";
				SWIFT_EMIT_LOC_STRINGS = YES;
				SWIFT_VERSION = 5.0;
				TARGETED_DEVICE_FAMILY = "1,2";
			};
			name = Release;
		};
/* End XCBuildConfiguration section */

/* Begin XCConfigurationList section */
		12EAD1C42A3B285D0072BA2D /* Build configuration list for PBXProject "Koen" */ = {
			isa = XCConfigurationList;
			buildConfigurations = (
				12EAD1DB2A3B285E0072BA2D /* Debug */,
				12EAD1DC2A3B285E0072BA2D /* Release */,
			);
			defaultConfigurationIsVisible = 0;
			defaultConfigurationName = Release;
		};
		12EAD1DD2A3B285E0072BA2D /* Build configuration list for PBXNativeTarget "Koen" */ = {
			isa = XCConfigurationList;
			buildConfigurations = (
				12EAD1DE2A3B285E0072BA2D /* Debug */,
				12EAD1DF2A3B285E0072BA2D /* Release */,
			);
			defaultConfigurationIsVisible = 0;
			defaultConfigurationName = Release;
		};
/* End XCConfigurationList section */

/* Begin XCVersionGroup section */
		12EAD1D02A3B285D0072BA2D /* Koen.xcdatamodeld */ = {
			isa = XCVersionGroup;
			children = (
				12EAD1D12A3B285D0072BA2D /* Koen.xcdatamodel */,
			);
			currentVersion = 12EAD1D12A3B285D0072BA2D /* Koen.xcdatamodel */;
			path = Koen.xcdatamodeld;
			sourceTree = "<group>";
			versionGroupType = wrapper.xcdatamodel;
		};
/* End XCVersionGroup section */
	};
	rootObject = 12EAD1C12A3B285D0072BA2D /* Project object */;
}
